
Microsoft Visual Studio Solution File, Format Version 12.00
# Visual Studio Version 17
VisualStudioVersion = 17.1.31903.286
MinimumVisualStudioVersion = 10.0.40219.1
Project("{FAE04EC0-301F-11D3-BF4B-00C04F79EFBC}") = "ReactDotNet", "ReactDotNet\ReactDotNet.csproj", "{FD33CC40-E249-4167-9699-6D76BFF4F0C4}"
EndProject
Global
	GlobalSection(SolutionConfigurationPlatforms) = preSolution
		Debug|Any CPU = Debug|Any CPU
		Release|Any CPU = Release|Any CPU
	EndGlobalSection
	GlobalSection(ProjectConfigurationPlatforms) = postSolution
		{FD33CC40-E249-4167-9699-6D76BFF4F0C4}.Debug|Any CPU.ActiveCfg = Debug|Any CPU
		{FD33CC40-E249-4167-9699-6D76BFF4F0C4}.Debug|Any CPU.Build.0 = Debug|Any CPU
		{FD33CC40-E249-4167-9699-6D76BFF4F0C4}.Release|Any CPU.ActiveCfg = Release|Any CPU
		{FD33CC40-E249-4167-9699-6D76BFF4F0C4}.Release|Any CPU.Build.0 = Release|Any CPU
	EndGlobalSection
	GlobalSection(SolutionProperties) = preSolution
		HideSolutionNode = FALSE
	EndGlobalSection
	GlobalSection(ExtensibilityGlobals) = postSolution
		SolutionGuid = {6EA14262-9113-49C7-817F-7A3AB64420F1}
	EndGlobalSection
EndGlobal
